
Microsoft Visual Studio Solution File, Format Version 12.00
# Visual Studio 2015
Project("{FAE04EC0-301F-11D3-BF4B-00C04F79EFBC}") = "DaleTaylor14471809.CSharp", "DaleTaylor14471809.CSharp.csproj", "{DF89CC90-5AFE-92CC-7B48-05A31D1DF92C}"
EndProject
Project("{FAE04EC0-301F-11D3-BF4B-00C04F79EFBC}") = "DaleTaylor14471809.CSharp.Editor", "DaleTaylor14471809.CSharp.Editor.csproj", "{C78C4339-4FFB-E5F8-D7A5-0C5124071DFD}"
EndProject
Global
	GlobalSection(SolutionConfigurationPlatforms) = preSolution
		Debug|Any CPU = Debug|Any CPU
		Release|Any CPU = Release|Any CPU
	EndGlobalSection
	GlobalSection(ProjectConfigurationPlatforms) = postSolution
		{DF89CC90-5AFE-92CC-7B48-05A31D1DF92C}.Debug|Any CPU.ActiveCfg = Debug|Any CPU
		{DF89CC90-5AFE-92CC-7B48-05A31D1DF92C}.Debug|Any CPU.Build.0 = Debug|Any CPU
		{DF89CC90-5AFE-92CC-7B48-05A31D1DF92C}.Release|Any CPU.ActiveCfg = Release|Any CPU
		{DF89CC90-5AFE-92CC-7B48-05A31D1DF92C}.Release|Any CPU.Build.0 = Release|Any CPU
		{C78C4339-4FFB-E5F8-D7A5-0C5124071DFD}.Debug|Any CPU.ActiveCfg = Debug|Any CPU
		{C78C4339-4FFB-E5F8-D7A5-0C5124071DFD}.Debug|Any CPU.Build.0 = Debug|Any CPU
		{C78C4339-4FFB-E5F8-D7A5-0C5124071DFD}.Release|Any CPU.ActiveCfg = Release|Any CPU
		{C78C4339-4FFB-E5F8-D7A5-0C5124071DFD}.Release|Any CPU.Build.0 = Release|Any CPU
	EndGlobalSection
	GlobalSection(SolutionProperties) = preSolution
		HideSolutionNode = FALSE
	EndGlobalSection
EndGlobal
